// !$*UTF8*$!
{
	archiveVersion = 1;
	classes = {
	};
	objectVersion = 56;
	objects = {

/* Begin PBXBuildFile section */
		2B74A2BE29E5CBC000EFA169 /* Ds_Life_PlannerApp.swift in Sources */ = {isa = PBXBuildFile; fileRef = 2B74A2BD29E5CBC000EFA169 /* Ds_Life_PlannerApp.swift */; };
		2B74A2C029E5CBC000EFA169 /* ContentView.swift in Sources */ = {isa = PBXBuildFile; fileRef = 2B74A2BF29E5CBC000EFA169 /* ContentView.swift */; };
		2B74A2C229E5CBC100EFA169 /* Assets.xcassets in Resources */ = {isa = PBXBuildFile; fileRef = 2B74A2C129E5CBC100EFA169 /* Assets.xcassets */; };
		2B74A2C529E5CBC100EFA169 /* Preview Assets.xcassets in Resources */ = {isa = PBXBuildFile; fileRef = 2B74A2C429E5CBC100EFA169 /* Preview Assets.xcassets */; };
		2B74A2D029E5D21600EFA169 /* ResponsiveView.swift in Sources */ = {isa = PBXBuildFile; fileRef = 2B74A2CE29E5D21600EFA169 /* ResponsiveView.swift */; };
		2B74A2D129E5D21600EFA169 /* Home.swift in Sources */ = {isa = PBXBuildFile; fileRef = 2B74A2CF29E5D21600EFA169 /* Home.swift */; };
		2B74A2D529E5D24500EFA169 /* Sale.swift in Sources */ = {isa = PBXBuildFile; fileRef = 2B74A2D229E5D24500EFA169 /* Sale.swift */; };
		2B74A2D629E5D24500EFA169 /* Info.swift in Sources */ = {isa = PBXBuildFile; fileRef = 2B74A2D329E5D24500EFA169 /* Info.swift */; };
		2B74A2D729E5D24500EFA169 /* Trending.swift in Sources */ = {isa = PBXBuildFile; fileRef = 2B74A2D429E5D24500EFA169 /* Trending.swift */; };
		2B74A2DA29E5D37400EFA169 /* SidebarView.swift in Sources */ = {isa = PBXBuildFile; fileRef = 2B74A2D929E5D37400EFA169 /* SidebarView.swift */; };
		2B9590AB29E5D89C000BC899 /* AppPages.swift in Sources */ = {isa = PBXBuildFile; fileRef = 2B9590AA29E5D89C000BC899 /* AppPages.swift */; };
/* End PBXBuildFile section */

/* Begin PBXFileReference section */
		2B74A2BA29E5CBC000EFA169 /* Ds Life Planner.app */ = {isa = PBXFileReference; explicitFileType = wrapper.application; includeInIndex = 0; path = "Ds Life Planner.app"; sourceTree = BUILT_PRODUCTS_DIR; };
		2B74A2BD29E5CBC000EFA169 /* Ds_Life_PlannerApp.swift */ = {isa = PBXFileReference; lastKnownFileType = sourcecode.swift; path = Ds_Life_PlannerApp.swift; sourceTree = "<group>"; };
		2B74A2BF29E5CBC000EFA169 /* ContentView.swift */ = {isa = PBXFileReference; lastKnownFileType = sourcecode.swift; path = ContentView.swift; sourceTree = "<group>"; };
		2B74A2C129E5CBC100EFA169 /* Assets.xcassets */ = {isa = PBXFileReference; lastKnownFileType = folder.assetcatalog; path = Assets.xcassets; sourceTree = "<group>"; };
		2B74A2C429E5CBC100EFA169 /* Preview Assets.xcassets */ = {isa = PBXFileReference; lastKnownFileType = folder.assetcatalog; path = "Preview Assets.xcassets"; sourceTree = "<group>"; };
		2B74A2CE29E5D21600EFA169 /* ResponsiveView.swift */ = {isa = PBXFileReference; fileEncoding = 4; lastKnownFileType = sourcecode.swift; path = ResponsiveView.swift; sourceTree = "<group>"; };
		2B74A2CF29E5D21600EFA169 /* Home.swift */ = {isa = PBXFileReference; fileEncoding = 4; lastKnownFileType = sourcecode.swift; path = Home.swift; sourceTree = "<group>"; };
		2B74A2D229E5D24500EFA169 /* Sale.swift */ = {isa = PBXFileReference; fileEncoding = 4; lastKnownFileType = sourcecode.swift; path = Sale.swift; sourceTree = "<group>"; };
		2B74A2D329E5D24500EFA169 /* Info.swift */ = {isa = PBXFileReference; fileEncoding = 4; lastKnownFileType = sourcecode.swift; path = Info.swift; sourceTree = "<group>"; };
		2B74A2D429E5D24500EFA169 /* Trending.swift */ = {isa = PBXFileReference; fileEncoding = 4; lastKnownFileType = sourcecode.swift; path = Trending.swift; sourceTree = "<group>"; };
		2B74A2D929E5D37400EFA169 /* SidebarView.swift */ = {isa = PBXFileReference; lastKnownFileType = sourcecode.swift; path = SidebarView.swift; sourceTree = "<group>"; };
		2B9590AA29E5D89C000BC899 /* AppPages.swift */ = {isa = PBXFileReference; lastKnownFileType = sourcecode.swift; path = AppPages.swift; sourceTree = "<group>"; };
/* End PBXFileReference section */

/* Begin PBXFrameworksBuildPhase section */
		2B74A2B729E5CBC000EFA169 /* Frameworks */ = {
			isa = PBXFrameworksBuildPhase;
			buildActionMask = 2147483647;
			files = (
			);
			runOnlyForDeploymentPostprocessing = 0;
		};
/* End PBXFrameworksBuildPhase section */

/* Begin PBXGroup section */
		2B74A2B129E5CBC000EFA169 = {
			isa = PBXGroup;
			children = (
				2B74A2BC29E5CBC000EFA169 /* Ds Life Planner */,
				2B74A2BB29E5CBC000EFA169 /* Products */,
			);
			sourceTree = "<group>";
		};
		2B74A2BB29E5CBC000EFA169 /* Products */ = {
			isa = PBXGroup;
			children = (
				2B74A2BA29E5CBC000EFA169 /* Ds Life Planner.app */,
			);
			name = Products;
			sourceTree = "<group>";
		};
		2B74A2BC29E5CBC000EFA169 /* Ds Life Planner */ = {
			isa = PBXGroup;
			children = (
				2B74A2CD29E5D1B300EFA169 /* Models */,
				2B74A2CB29E5D19200EFA169 /* Views */,
				2B9590AC29E5D9E7000BC899 /* Misc */,
				2B74A2C129E5CBC100EFA169 /* Assets.xcassets */,
				2B74A2BD29E5CBC000EFA169 /* Ds_Life_PlannerApp.swift */,
				2B74A2C329E5CBC100EFA169 /* Preview Content */,
			);
			path = "Ds Life Planner";
			sourceTree = "<group>";
		};
		2B74A2C329E5CBC100EFA169 /* Preview Content */ = {
			isa = PBXGroup;
			children = (
				2B74A2C429E5CBC100EFA169 /* Preview Assets.xcassets */,
			);
			path = "Preview Content";
			sourceTree = "<group>";
		};
		2B74A2CB29E5D19200EFA169 /* Views */ = {
			isa = PBXGroup;
			children = (
				2B74A2D829E5D35300EFA169 /* Sidebar Views */,
				2B74A2CF29E5D21600EFA169 /* Home.swift */,
				2B74A2CE29E5D21600EFA169 /* ResponsiveView.swift */,
				2B74A2BF29E5CBC000EFA169 /* ContentView.swift */,
			);
			path = Views;
			sourceTree = "<group>";
		};
		2B74A2CD29E5D1B300EFA169 /* Models */ = {
			isa = PBXGroup;
			children = (
				2B9590A929E5D864000BC899 /* Demo Data */,
				2B9590AA29E5D89C000BC899 /* AppPages.swift */,
			);
			path = Models;
			sourceTree = "<group>";
		};
		2B74A2D829E5D35300EFA169 /* Sidebar Views */ = {
			isa = PBXGroup;
			children = (
				2B74A2D929E5D37400EFA169 /* SidebarView.swift */,
			);
			path = "Sidebar Views";
			sourceTree = "<group>";
		};
		2B9590A929E5D864000BC899 /* Demo Data */ = {
			isa = PBXGroup;
			children = (
				2B74A2D329E5D24500EFA169 /* Info.swift */,
				2B74A2D229E5D24500EFA169 /* Sale.swift */,
				2B74A2D429E5D24500EFA169 /* Trending.swift */,
			);
			path = "Demo Data";
			sourceTree = "<group>";
		};
		2B9590AC29E5D9E7000BC899 /* Misc */ = {
			isa = PBXGroup;
			children = (
			);
			path = Misc;
			sourceTree = "<group>";
		};
/* End PBXGroup section */

/* Begin PBXNativeTarget section */
		2B74A2B929E5CBC000EFA169 /* Ds Life Planner */ = {
			isa = PBXNativeTarget;
			buildConfigurationList = 2B74A2C829E5CBC100EFA169 /* Build configuration list for PBXNativeTarget "Ds Life Planner" */;
			buildPhases = (
				2B74A2B629E5CBC000EFA169 /* Sources */,
				2B74A2B729E5CBC000EFA169 /* Frameworks */,
				2B74A2B829E5CBC000EFA169 /* Resources */,
			);
			buildRules = (
			);
			dependencies = (
			);
			name = "Ds Life Planner";
			productName = "Ds Life Planner";
			productReference = 2B74A2BA29E5CBC000EFA169 /* Ds Life Planner.app */;
			productType = "com.apple.product-type.application";
		};
/* End PBXNativeTarget section */

/* Begin PBXProject section */
		2B74A2B229E5CBC000EFA169 /* Project object */ = {
			isa = PBXProject;
			attributes = {
				BuildIndependentTargetsInParallel = 1;
				LastSwiftUpdateCheck = 1430;
				LastUpgradeCheck = 1430;
				TargetAttributes = {
					2B74A2B929E5CBC000EFA169 = {
						CreatedOnToolsVersion = 14.3;
					};
				};
			};
			buildConfigurationList = 2B74A2B529E5CBC000EFA169 /* Build configuration list for PBXProject "Ds Life Planner" */;
			compatibilityVersion = "Xcode 14.0";
			developmentRegion = en;
			hasScannedForEncodings = 0;
			knownRegions = (
				en,
				Base,
			);
			mainGroup = 2B74A2B129E5CBC000EFA169;
			productRefGroup = 2B74A2BB29E5CBC000EFA169 /* Products */;
			projectDirPath = "";
			projectRoot = "";
			targets = (
				2B74A2B929E5CBC000EFA169 /* Ds Life Planner */,
			);
		};
/* End PBXProject section */

/* Begin PBXResourcesBuildPhase section */
		2B74A2B829E5CBC000EFA169 /* Resources */ = {
			isa = PBXResourcesBuildPhase;
			buildActionMask = 2147483647;
			files = (
				2B74A2C529E5CBC100EFA169 /* Preview Assets.xcassets in Resources */,
				2B74A2C229E5CBC100EFA169 /* Assets.xcassets in Resources */,
			);
			runOnlyForDeploymentPostprocessing = 0;
		};
/* End PBXResourcesBuildPhase section */

/* Begin PBXSourcesBuildPhase section */
		2B74A2B629E5CBC000EFA169 /* Sources */ = {
			isa = PBXSourcesBuildPhase;
			buildActionMask = 2147483647;
			files = (
				2B74A2C029E5CBC000EFA169 /* ContentView.swift in Sources */,
				2B74A2DA29E5D37400EFA169 /* SidebarView.swift in Sources */,
				2B74A2BE29E5CBC000EFA169 /* Ds_Life_PlannerApp.swift in Sources */,
				2B74A2D129E5D21600EFA169 /* Home.swift in Sources */,
				2B9590AB29E5D89C000BC899 /* AppPages.swift in Sources */,
				2B74A2D629E5D24500EFA169 /* Info.swift in Sources */,
				2B74A2D729E5D24500EFA169 /* Trending.swift in Sources */,
				2B74A2D529E5D24500EFA169 /* Sale.swift in Sources */,
				2B74A2D029E5D21600EFA169 /* ResponsiveView.swift in Sources */,
			);
			runOnlyForDeploymentPostprocessing = 0;
		};
/* End PBXSourcesBuildPhase section */

/* Begin XCBuildConfiguration section */
		2B74A2C629E5CBC100EFA169 /* Debug */ = {
			isa = XCBuildConfiguration;
			buildSettings = {
				ALWAYS_SEARCH_USER_PATHS = NO;
				CLANG_ANALYZER_NONNULL = YES;
				CLANG_ANALYZER_NUMBER_OBJECT_CONVERSION = YES_AGGRESSIVE;
				CLANG_CXX_LANGUAGE_STANDARD = "gnu++20";
				CLANG_ENABLE_MODULES = YES;
				CLANG_ENABLE_OBJC_ARC = YES;
				CLANG_ENABLE_OBJC_WEAK = YES;
				CLANG_WARN_BLOCK_CAPTURE_AUTORELEASING = YES;
				CLANG_WARN_BOOL_CONVERSION = YES;
				CLANG_WARN_COMMA = YES;
				CLANG_WARN_CONSTANT_CONVERSION = YES;
				CLANG_WARN_DEPRECATED_OBJC_IMPLEMENTATIONS = YES;
				CLANG_WARN_DIRECT_OBJC_ISA_USAGE = YES_ERROR;
				CLANG_WARN_DOCUMENTATION_COMMENTS = YES;
				CLANG_WARN_EMPTY_BODY = YES;
				CLANG_WARN_ENUM_CONVERSION = YES;
				CLANG_WARN_INFINITE_RECURSION = YES;
				CLANG_WARN_INT_CONVERSION = YES;
				CLANG_WARN_NON_LITERAL_NULL_CONVERSION = YES;
				CLANG_WARN_OBJC_IMPLICIT_RETAIN_SELF = YES;
				CLANG_WARN_OBJC_LITERAL_CONVERSION = YES;
				CLANG_WARN_OBJC_ROOT_CLASS = YES_ERROR;
				CLANG_WARN_QUOTED_INCLUDE_IN_FRAMEWORK_HEADER = YES;
				CLANG_WARN_RANGE_LOOP_ANALYSIS = YES;
				CLANG_WARN_STRICT_PROTOTYPES = YES;
				CLANG_WARN_SUSPICIOUS_MOVE = YES;
				CLANG_WARN_UNGUARDED_AVAILABILITY = YES_AGGRESSIVE;
				CLANG_WARN_UNREACHABLE_CODE = YES;
				CLANG_WARN__DUPLICATE_METHOD_MATCH = YES;
				COPY_PHASE_STRIP = NO;
				DEBUG_INFORMATION_FORMAT = dwarf;
				ENABLE_STRICT_OBJC_MSGSEND = YES;
				ENABLE_TESTABILITY = YES;
				GCC_C_LANGUAGE_STANDARD = gnu11;
				GCC_DYNAMIC_NO_PIC = NO;
				GCC_NO_COMMON_BLOCKS = YES;
				GCC_OPTIMIZATION_LEVEL = 0;
				GCC_PREPROCESSOR_DEFINITIONS = (
					"DEBUG=1",
					"$(inherited)",
				);
				GCC_WARN_64_TO_32_BIT_CONVERSION = YES;
				GCC_WARN_ABOUT_RETURN_TYPE = YES_ERROR;
				GCC_WARN_UNDECLARED_SELECTOR = YES;
				GCC_WARN_UNINITIALIZED_AUTOS = YES_AGGRESSIVE;
				GCC_WARN_UNUSED_FUNCTION = YES;
				GCC_WARN_UNUSED_VARIABLE = YES;
				IPHONEOS_DEPLOYMENT_TARGET = 16.2;
				MTL_ENABLE_DEBUG_INFO = INCLUDE_SOURCE;
				MTL_FAST_MATH = YES;
				ONLY_ACTIVE_ARCH = YES;
				SDKROOT = iphoneos;
				SWIFT_ACTIVE_COMPILATION_CONDITIONS = DEBUG;
				SWIFT_OPTIMIZATION_LEVEL = "-Onone";
			};
			name = Debug;
		};
		2B74A2C729E5CBC100EFA169 /* Release */ = {
			isa = XCBuildConfiguration;
			buildSettings = {
				ALWAYS_SEARCH_USER_PATHS = NO;
				CLANG_ANALYZER_NONNULL = YES;
				CLANG_ANALYZER_NUMBER_OBJECT_CONVERSION = YES_AGGRESSIVE;
				CLANG_CXX_LANGUAGE_STANDARD = "gnu++20";
				CLANG_ENABLE_MODULES = YES;
				CLANG_ENABLE_OBJC_ARC = YES;
				CLANG_ENABLE_OBJC_WEAK = YES;
				CLANG_WARN_BLOCK_CAPTURE_AUTORELEASING = YES;
				CLANG_WARN_BOOL_CONVERSION = YES;
				CLANG_WARN_COMMA = YES;
				CLANG_WARN_CONSTANT_CONVERSION = YES;
				CLANG_WARN_DEPRECATED_OBJC_IMPLEMENTATIONS = YES;
				CLANG_WARN_DIRECT_OBJC_ISA_USAGE = YES_ERROR;
				CLANG_WARN_DOCUMENTATION_COMMENTS = YES;
				CLANG_WARN_EMPTY_BODY = YES;
				CLANG_WARN_ENUM_CONVERSION = YES;
				CLANG_WARN_INFINITE_RECURSION = YES;
				CLANG_WARN_INT_CONVERSION = YES;
				CLANG_WARN_NON_LITERAL_NULL_CONVERSION = YES;
				CLANG_WARN_OBJC_IMPLICIT_RETAIN_SELF = YES;
				CLANG_WARN_OBJC_LITERAL_CONVERSION = YES;
				CLANG_WARN_OBJC_ROOT_CLASS = YES_ERROR;
				CLANG_WARN_QUOTED_INCLUDE_IN_FRAMEWORK_HEADER = YES;
				CLANG_WARN_RANGE_LOOP_ANALYSIS = YES;
				CLANG_WARN_STRICT_PROTOTYPES = YES;
				CLANG_WARN_SUSPICIOUS_MOVE = YES;
				CLANG_WARN_UNGUARDED_AVAILABILITY = YES_AGGRESSIVE;
				CLANG_WARN_UNREACHABLE_CODE = YES;
				CLANG_WARN__DUPLICATE_METHOD_MATCH = YES;
				COPY_PHASE_STRIP = NO;
				DEBUG_INFORMATION_FORMAT = "dwarf-with-dsym";
				ENABLE_NS_ASSERTIONS = NO;
				ENABLE_STRICT_OBJC_MSGSEND = YES;
				GCC_C_LANGUAGE_STANDARD = gnu11;
				GCC_NO_COMMON_BLOCKS = YES;
				GCC_WARN_64_TO_32_BIT_CONVERSION = YES;
				GCC_WARN_ABOUT_RETURN_TYPE = YES_ERROR;
				GCC_WARN_UNDECLARED_SELECTOR = YES;
				GCC_WARN_UNINITIALIZED_AUTOS = YES_AGGRESSIVE;
				GCC_WARN_UNUSED_FUNCTION = YES;
				GCC_WARN_UNUSED_VARIABLE = YES;
				IPHONEOS_DEPLOYMENT_TARGET = 16.2;
				MTL_ENABLE_DEBUG_INFO = NO;
				MTL_FAST_MATH = YES;
				SDKROOT = iphoneos;
				SWIFT_COMPILATION_MODE = wholemodule;
				SWIFT_OPTIMIZATION_LEVEL = "-O";
				VALIDATE_PRODUCT = YES;
			};
			name = Release;
		};
		2B74A2C929E5CBC100EFA169 /* Debug */ = {
			isa = XCBuildConfiguration;
			buildSettings = {
				ASSETCATALOG_COMPILER_APPICON_NAME = AppIcon;
				ASSETCATALOG_COMPILER_GLOBAL_ACCENT_COLOR_NAME = AccentColor;
				CODE_SIGN_STYLE = Automatic;
				CURRENT_PROJECT_VERSION = 1;
				DEVELOPMENT_ASSET_PATHS = "\"Ds Life Planner/Preview Content\"";
				DEVELOPMENT_TEAM = Q67CC4F7S9;
				ENABLE_PREVIEWS = YES;
				GENERATE_INFOPLIST_FILE = YES;
				INFOPLIST_KEY_UIApplicationSceneManifest_Generation = YES;
				INFOPLIST_KEY_UIApplicationSupportsIndirectInputEvents = YES;
				INFOPLIST_KEY_UILaunchScreen_Generation = YES;
				INFOPLIST_KEY_UIRequiresFullScreen = NO;
				INFOPLIST_KEY_UISupportedInterfaceOrientations = UIInterfaceOrientationPortrait;
				INFOPLIST_KEY_UISupportedInterfaceOrientations_iPad = "UIInterfaceOrientationLandscapeLeft UIInterfaceOrientationLandscapeRight UIInterfaceOrientationPortrait UIInterfaceOrientationPortraitUpsideDown";
				LD_RUNPATH_SEARCH_PATHS = (
					"$(inherited)",
					"@executable_path/Frameworks",
				);
				MARKETING_VERSION = 1.0;
				PRODUCT_BUNDLE_IDENTIFIER = "codes.ella.Ds-Life-Planner";
				PRODUCT_NAME = "$(TARGET_NAME)";
				SWIFT_EMIT_LOC_STRINGS = YES;
				SWIFT_VERSION = 5.0;
				TARGETED_DEVICE_FAMILY = "1,2";
			};
			name = Debug;
		};
		2B74A2CA29E5CBC100EFA169 /* Release */ = {
			isa = XCBuildConfiguration;
			buildSettings = {
				ASSETCATALOG_COMPILER_APPICON_NAME = AppIcon;
				ASSETCATALOG_COMPILER_GLOBAL_ACCENT_COLOR_NAME = AccentColor;
				CODE_SIGN_STYLE = Automatic;
				CURRENT_PROJECT_VERSION = 1;
				DEVELOPMENT_ASSET_PATHS = "\"Ds Life Planner/Preview Content\"";
				DEVELOPMENT_TEAM = Q67CC4F7S9;
				ENABLE_PREVIEWS = YES;
				GENERATE_INFOPLIST_FILE = YES;
				INFOPLIST_KEY_UIApplicationSceneManifest_Generation = YES;
				INFOPLIST_KEY_UIApplicationSupportsIndirectInputEvents = YES;
				INFOPLIST_KEY_UILaunchScreen_Generation = YES;
				INFOPLIST_KEY_UIRequiresFullScreen = NO;
				INFOPLIST_KEY_UISupportedInterfaceOrientations = UIInterfaceOrientationPortrait;
				INFOPLIST_KEY_UISupportedInterfaceOrientations_iPad = "UIInterfaceOrientationLandscapeLeft UIInterfaceOrientationLandscapeRight UIInterfaceOrientationPortrait UIInterfaceOrientationPortraitUpsideDown";
				LD_RUNPATH_SEARCH_PATHS = (
					"$(inherited)",
					"@executable_path/Frameworks",
				);
				MARKETING_VERSION = 1.0;
				PRODUCT_BUNDLE_IDENTIFIER = "codes.ella.Ds-Life-Planner";
				PRODUCT_NAME = "$(TARGET_NAME)";
				SWIFT_EMIT_LOC_STRINGS = YES;
				SWIFT_VERSION = 5.0;
				TARGETED_DEVICE_FAMILY = "1,2";
			};
			name = Release;
		};
/* End XCBuildConfiguration section */

/* Begin XCConfigurationList section */
		2B74A2B529E5CBC000EFA169 /* Build configuration list for PBXProject "Ds Life Planner" */ = {
			isa = XCConfigurationList;
			buildConfigurations = (
				2B74A2C629E5CBC100EFA169 /* Debug */,
				2B74A2C729E5CBC100EFA169 /* Release */,
			);
			defaultConfigurationIsVisible = 0;
			defaultConfigurationName = Release;
		};
		2B74A2C829E5CBC100EFA169 /* Build configuration list for PBXNativeTarget "Ds Life Planner" */ = {
			isa = XCConfigurationList;
			buildConfigurations = (
				2B74A2C929E5CBC100EFA169 /* Debug */,
				2B74A2CA29E5CBC100EFA169 /* Release */,
			);
			defaultConfigurationIsVisible = 0;
			defaultConfigurationName = Release;
		};
/* End XCConfigurationList section */
	};
	rootObject = 2B74A2B229E5CBC000EFA169 /* Project object */;
}
